
Microsoft Visual Studio Solution File, Format Version 12.00
# Visual Studio 15
VisualStudioVersion = 15.0.27703.2000
MinimumVisualStudioVersion = 10.0.40219.1
Project("{FAE04EC0-301F-11D3-BF4B-00C04F79EFBC}") = "SpiralNumbersConsole", "SpiralNumbersConsole\SpiralNumbersConsole.csproj", "{EBFBB62B-D907-4EBE-8849-6B4BA87468FE}"
EndProject
Project("{FAE04EC0-301F-11D3-BF4B-00C04F79EFBC}") = "SpiralNumbersConsole2", "SpiralNumbersConsole2\SpiralNumbersConsole2.csproj", "{2DA62D95-DBA7-48BA-A0D9-51AAF7877906}"
EndProject
Global
	GlobalSection(SolutionConfigurationPlatforms) = preSolution
		Debug|Any CPU = Debug|Any CPU
		Release|Any CPU = Release|Any CPU
	EndGlobalSection
	GlobalSection(ProjectConfigurationPlatforms) = postSolution
		{EBFBB62B-D907-4EBE-8849-6B4BA87468FE}.Debug|Any CPU.ActiveCfg = Debug|Any CPU
		{EBFBB62B-D907-4EBE-8849-6B4BA87468FE}.Debug|Any CPU.Build.0 = Debug|Any CPU
		{EBFBB62B-D907-4EBE-8849-6B4BA87468FE}.Release|Any CPU.ActiveCfg = Release|Any CPU
		{EBFBB62B-D907-4EBE-8849-6B4BA87468FE}.Release|Any CPU.Build.0 = Release|Any CPU
		{2DA62D95-DBA7-48BA-A0D9-51AAF7877906}.Debug|Any CPU.ActiveCfg = Debug|Any CPU
		{2DA62D95-DBA7-48BA-A0D9-51AAF7877906}.Debug|Any CPU.Build.0 = Debug|Any CPU
		{2DA62D95-DBA7-48BA-A0D9-51AAF7877906}.Release|Any CPU.ActiveCfg = Release|Any CPU
		{2DA62D95-DBA7-48BA-A0D9-51AAF7877906}.Release|Any CPU.Build.0 = Release|Any CPU
	EndGlobalSection
	GlobalSection(SolutionProperties) = preSolution
		HideSolutionNode = FALSE
	EndGlobalSection
	GlobalSection(ExtensibilityGlobals) = postSolution
		SolutionGuid = {666A342E-CB7C-4750-97A5-ECF61F0A2D81}
	EndGlobalSection
EndGlobal
